
Microsoft Visual Studio Solution File, Format Version 12.00
# Visual Studio Version 16
VisualStudioVersion = 16.0.28803.202
MinimumVisualStudioVersion = 10.0.40219.1
Project("{9A19103F-16F7-4668-BE54-9A1E7A4F7556}") = "rpaextract", "rpaextract\rpaextract.csproj", "{3E4D53ED-6296-4394-986E-86E77BD1F750}"
EndProject
Project("{9A19103F-16F7-4668-BE54-9A1E7A4F7556}") = "sharppickle", "sharppickle\sharppickle\sharppickle.csproj", "{738EFD24-6338-4A38-99E7-233C1F1FD725}"
EndProject
Global
	GlobalSection(SolutionConfigurationPlatforms) = preSolution
		Debug|Any CPU = Debug|Any CPU
		Release|Any CPU = Release|Any CPU
	EndGlobalSection
	GlobalSection(ProjectConfigurationPlatforms) = postSolution
		{3E4D53ED-6296-4394-986E-86E77BD1F750}.Debug|Any CPU.ActiveCfg = Debug|Any CPU
		{3E4D53ED-6296-4394-986E-86E77BD1F750}.Debug|Any CPU.Build.0 = Debug|Any CPU
		{3E4D53ED-6296-4394-986E-86E77BD1F750}.Release|Any CPU.ActiveCfg = Release|Any CPU
		{3E4D53ED-6296-4394-986E-86E77BD1F750}.Release|Any CPU.Build.0 = Release|Any CPU
		{738EFD24-6338-4A38-99E7-233C1F1FD725}.Debug|Any CPU.ActiveCfg = Debug|Any CPU
		{738EFD24-6338-4A38-99E7-233C1F1FD725}.Debug|Any CPU.Build.0 = Debug|Any CPU
		{738EFD24-6338-4A38-99E7-233C1F1FD725}.Release|Any CPU.ActiveCfg = Release|Any CPU
		{738EFD24-6338-4A38-99E7-233C1F1FD725}.Release|Any CPU.Build.0 = Release|Any CPU
	EndGlobalSection
	GlobalSection(SolutionProperties) = preSolution
		HideSolutionNode = FALSE
	EndGlobalSection
	GlobalSection(ExtensibilityGlobals) = postSolution
		SolutionGuid = {1F742F9E-8FBD-41BF-8F34-7A10F8268A2F}
	EndGlobalSection
EndGlobal
